
Microsoft Visual Studio Solution File, Format Version 12.00
# Visual Studio 15
VisualStudioVersion = 15.0.27428.2015
MinimumVisualStudioVersion = 10.0.40219.1
Project("{F2A71F9B-5D33-465A-A702-920D77279786}") = "kwa", "kwa\kwa.fsproj", "{F5E91A80-D714-496E-9426-58A6B5713F13}"
EndProject
Global
	GlobalSection(SolutionConfigurationPlatforms) = preSolution
		Debug|Any CPU = Debug|Any CPU
		Release|Any CPU = Release|Any CPU
	EndGlobalSection
	GlobalSection(ProjectConfigurationPlatforms) = postSolution
		{F5E91A80-D714-496E-9426-58A6B5713F13}.Debug|Any CPU.ActiveCfg = Debug|Any CPU
		{F5E91A80-D714-496E-9426-58A6B5713F13}.Debug|Any CPU.Build.0 = Debug|Any CPU
		{F5E91A80-D714-496E-9426-58A6B5713F13}.Release|Any CPU.ActiveCfg = Release|Any CPU
		{F5E91A80-D714-496E-9426-58A6B5713F13}.Release|Any CPU.Build.0 = Release|Any CPU
	EndGlobalSection
	GlobalSection(SolutionProperties) = preSolution
		HideSolutionNode = FALSE
	EndGlobalSection
	GlobalSection(ExtensibilityGlobals) = postSolution
		SolutionGuid = {4CC18896-0A21-4310-8BE2-F892AC720C60}
	EndGlobalSection
EndGlobal
